
Microsoft Visual Studio Solution File, Format Version 12.00
# Visual Studio Version 17
VisualStudioVersion = 17.13.35828.75
MinimumVisualStudioVersion = 10.0.40219.1
Project("{FAE04EC0-301F-11D3-BF4B-00C04F79EFBC}") = "AttributeAndInterface", "AttributeAndInterface\AttributeAndInterface.csproj", "{C209C87B-47CA-41FD-B8B4-D1AA4947D1D6}"
EndProject
Project("{FAE04EC0-301F-11D3-BF4B-00C04F79EFBC}") = "task10", "task10\task10.csproj", "{C1DEEE2A-5F82-4653-A338-3A951DA2027D}"
EndProject
Project("{FAE04EC0-301F-11D3-BF4B-00C04F79EFBC}") = "task10tests", "task10tests\task10tests.csproj", "{8A2F0BE4-7BDC-4063-9AD8-B8B6FF93C6DB}"
EndProject
Project("{FAE04EC0-301F-11D3-BF4B-00C04F79EFBC}") = "ClassLibrary1", "Libraries\ClassLibrary1\ClassLibrary1.csproj", "{D14FB9E7-696C-3BD7-BF69-E343818667BE}"
EndProject
Project("{FAE04EC0-301F-11D3-BF4B-00C04F79EFBC}") = "ClassLibrary2", "Libraries\ClassLibrary2\ClassLibrary2.csproj", "{F37E22E1-79C1-3A83-3D28-9E9FBF1A239F}"
EndProject
Global
	GlobalSection(SolutionConfigurationPlatforms) = preSolution
		Debug|Any CPU = Debug|Any CPU
		Release|Any CPU = Release|Any CPU
	EndGlobalSection
	GlobalSection(ProjectConfigurationPlatforms) = postSolution
		{C209C87B-47CA-41FD-B8B4-D1AA4947D1D6}.Debug|Any CPU.ActiveCfg = Debug|Any CPU
		{C209C87B-47CA-41FD-B8B4-D1AA4947D1D6}.Debug|Any CPU.Build.0 = Debug|Any CPU
		{C209C87B-47CA-41FD-B8B4-D1AA4947D1D6}.Release|Any CPU.ActiveCfg = Release|Any CPU
		{C209C87B-47CA-41FD-B8B4-D1AA4947D1D6}.Release|Any CPU.Build.0 = Release|Any CPU
		{C1DEEE2A-5F82-4653-A338-3A951DA2027D}.Debug|Any CPU.ActiveCfg = Debug|Any CPU
		{C1DEEE2A-5F82-4653-A338-3A951DA2027D}.Debug|Any CPU.Build.0 = Debug|Any CPU
		{C1DEEE2A-5F82-4653-A338-3A951DA2027D}.Release|Any CPU.ActiveCfg = Release|Any CPU
		{C1DEEE2A-5F82-4653-A338-3A951DA2027D}.Release|Any CPU.Build.0 = Release|Any CPU
		{8A2F0BE4-7BDC-4063-9AD8-B8B6FF93C6DB}.Debug|Any CPU.ActiveCfg = Debug|Any CPU
		{8A2F0BE4-7BDC-4063-9AD8-B8B6FF93C6DB}.Debug|Any CPU.Build.0 = Debug|Any CPU
		{8A2F0BE4-7BDC-4063-9AD8-B8B6FF93C6DB}.Release|Any CPU.ActiveCfg = Release|Any CPU
		{8A2F0BE4-7BDC-4063-9AD8-B8B6FF93C6DB}.Release|Any CPU.Build.0 = Release|Any CPU
		{D14FB9E7-696C-3BD7-BF69-E343818667BE}.Debug|Any CPU.ActiveCfg = Debug|Any CPU
		{D14FB9E7-696C-3BD7-BF69-E343818667BE}.Debug|Any CPU.Build.0 = Debug|Any CPU
		{D14FB9E7-696C-3BD7-BF69-E343818667BE}.Release|Any CPU.ActiveCfg = Release|Any CPU
		{D14FB9E7-696C-3BD7-BF69-E343818667BE}.Release|Any CPU.Build.0 = Release|Any CPU
		{F37E22E1-79C1-3A83-3D28-9E9FBF1A239F}.Debug|Any CPU.ActiveCfg = Debug|Any CPU
		{F37E22E1-79C1-3A83-3D28-9E9FBF1A239F}.Debug|Any CPU.Build.0 = Debug|Any CPU
		{F37E22E1-79C1-3A83-3D28-9E9FBF1A239F}.Release|Any CPU.ActiveCfg = Release|Any CPU
		{F37E22E1-79C1-3A83-3D28-9E9FBF1A239F}.Release|Any CPU.Build.0 = Release|Any CPU
	EndGlobalSection
	GlobalSection(SolutionProperties) = preSolution
		HideSolutionNode = FALSE
	EndGlobalSection
	GlobalSection(ExtensibilityGlobals) = postSolution
		SolutionGuid = {79DB7DEC-EA48-4465-A671-733324687D7E}
	EndGlobalSection
EndGlobal
